
Microsoft Visual Studio Solution File, Format Version 12.00
# Visual Studio 15
VisualStudioVersion = 15.0.28010.2026
MinimumVisualStudioVersion = 10.0.40219.1
Project("{FAE04EC0-301F-11D3-BF4B-00C04F79EFBC}") = "NetworkGame", "NetworkGame\NetworkGame.csproj", "{937327A8-4B84-423B-B7A5-D70551AFABD2}"
EndProject
Project("{FAE04EC0-301F-11D3-BF4B-00C04F79EFBC}") = "NetworkGameServer", "NetworkGameServer\NetworkGameServer.csproj", "{95265A90-B635-4BFC-8B0C-E8FA4D3C6623}"
EndProject
Project("{FAE04EC0-301F-11D3-BF4B-00C04F79EFBC}") = "NetworkGameLibrary", "NetworkGameLibrary\NetworkGameLibrary.csproj", "{D804A27E-EC17-4DE4-BEEB-68E01CBF8631}"
EndProject
Global
	GlobalSection(SolutionConfigurationPlatforms) = preSolution
		Debug|Any CPU = Debug|Any CPU
		Debug|x86 = Debug|x86
		Release|Any CPU = Release|Any CPU
		Release|x86 = Release|x86
	EndGlobalSection
	GlobalSection(ProjectConfigurationPlatforms) = postSolution
		{937327A8-4B84-423B-B7A5-D70551AFABD2}.Debug|Any CPU.ActiveCfg = Debug|x86
		{937327A8-4B84-423B-B7A5-D70551AFABD2}.Debug|x86.ActiveCfg = Debug|x86
		{937327A8-4B84-423B-B7A5-D70551AFABD2}.Debug|x86.Build.0 = Debug|x86
		{937327A8-4B84-423B-B7A5-D70551AFABD2}.Release|Any CPU.ActiveCfg = Release|x86
		{937327A8-4B84-423B-B7A5-D70551AFABD2}.Release|x86.ActiveCfg = Release|x86
		{937327A8-4B84-423B-B7A5-D70551AFABD2}.Release|x86.Build.0 = Release|x86
		{95265A90-B635-4BFC-8B0C-E8FA4D3C6623}.Debug|Any CPU.ActiveCfg = Debug|Any CPU
		{95265A90-B635-4BFC-8B0C-E8FA4D3C6623}.Debug|Any CPU.Build.0 = Debug|Any CPU
		{95265A90-B635-4BFC-8B0C-E8FA4D3C6623}.Debug|x86.ActiveCfg = Debug|Any CPU
		{95265A90-B635-4BFC-8B0C-E8FA4D3C6623}.Debug|x86.Build.0 = Debug|Any CPU
		{95265A90-B635-4BFC-8B0C-E8FA4D3C6623}.Release|Any CPU.ActiveCfg = Release|Any CPU
		{95265A90-B635-4BFC-8B0C-E8FA4D3C6623}.Release|Any CPU.Build.0 = Release|Any CPU
		{95265A90-B635-4BFC-8B0C-E8FA4D3C6623}.Release|x86.ActiveCfg = Release|Any CPU
		{95265A90-B635-4BFC-8B0C-E8FA4D3C6623}.Release|x86.Build.0 = Release|Any CPU
		{D804A27E-EC17-4DE4-BEEB-68E01CBF8631}.Debug|Any CPU.ActiveCfg = Debug|Any CPU
		{D804A27E-EC17-4DE4-BEEB-68E01CBF8631}.Debug|Any CPU.Build.0 = Debug|Any CPU
		{D804A27E-EC17-4DE4-BEEB-68E01CBF8631}.Debug|x86.ActiveCfg = Debug|Any CPU
		{D804A27E-EC17-4DE4-BEEB-68E01CBF8631}.Debug|x86.Build.0 = Debug|Any CPU
		{D804A27E-EC17-4DE4-BEEB-68E01CBF8631}.Release|Any CPU.ActiveCfg = Release|Any CPU
		{D804A27E-EC17-4DE4-BEEB-68E01CBF8631}.Release|Any CPU.Build.0 = Release|Any CPU
		{D804A27E-EC17-4DE4-BEEB-68E01CBF8631}.Release|x86.ActiveCfg = Release|Any CPU
		{D804A27E-EC17-4DE4-BEEB-68E01CBF8631}.Release|x86.Build.0 = Release|Any CPU
	EndGlobalSection
	GlobalSection(SolutionProperties) = preSolution
		HideSolutionNode = FALSE
	EndGlobalSection
	GlobalSection(ExtensibilityGlobals) = postSolution
		SolutionGuid = {80D05627-E288-4D0B-82F7-3D9F763373DB}
	EndGlobalSection
EndGlobal
